
Microsoft Visual Studio Solution File, Format Version 12.00
# Visual Studio 15
VisualStudioVersion = 15.0.28307.168
MinimumVisualStudioVersion = 10.0.40219.1
Project("{FAE04EC0-301F-11D3-BF4B-00C04F79EFBC}") = "Client", "Client\Client.csproj", "{547C5FAF-D2D8-40C7-B3A6-5DB326D71125}"
EndProject
Project("{FAE04EC0-301F-11D3-BF4B-00C04F79EFBC}") = "Server", "Server\Server.csproj", "{4E317D3A-50D4-4496-9DDA-AF12AA61914C}"
EndProject
Global
	GlobalSection(SolutionConfigurationPlatforms) = preSolution
		Debug|Any CPU = Debug|Any CPU
		Release|Any CPU = Release|Any CPU
	EndGlobalSection
	GlobalSection(ProjectConfigurationPlatforms) = postSolution
		{547C5FAF-D2D8-40C7-B3A6-5DB326D71125}.Debug|Any CPU.ActiveCfg = Debug|Any CPU
		{547C5FAF-D2D8-40C7-B3A6-5DB326D71125}.Debug|Any CPU.Build.0 = Debug|Any CPU
		{547C5FAF-D2D8-40C7-B3A6-5DB326D71125}.Release|Any CPU.ActiveCfg = Release|Any CPU
		{547C5FAF-D2D8-40C7-B3A6-5DB326D71125}.Release|Any CPU.Build.0 = Release|Any CPU
		{4E317D3A-50D4-4496-9DDA-AF12AA61914C}.Debug|Any CPU.ActiveCfg = Debug|Any CPU
		{4E317D3A-50D4-4496-9DDA-AF12AA61914C}.Debug|Any CPU.Build.0 = Debug|Any CPU
		{4E317D3A-50D4-4496-9DDA-AF12AA61914C}.Release|Any CPU.ActiveCfg = Release|Any CPU
		{4E317D3A-50D4-4496-9DDA-AF12AA61914C}.Release|Any CPU.Build.0 = Release|Any CPU
	EndGlobalSection
	GlobalSection(SolutionProperties) = preSolution
		HideSolutionNode = FALSE
	EndGlobalSection
	GlobalSection(ExtensibilityGlobals) = postSolution
		SolutionGuid = {1B703391-EE76-42B4-9B95-EDD6B9401173}
	EndGlobalSection
EndGlobal
