
Microsoft Visual Studio Solution File, Format Version 12.00
# Visual Studio 15
VisualStudioVersion = 15.0.27703.2035
MinimumVisualStudioVersion = 10.0.40219.1
Project("{FAE04EC0-301F-11D3-BF4B-00C04F79EFBC}") = "01-Event", "01-Event\01-Event.csproj", "{E2BA6E45-4B36-4062-92F8-296FEBC525C7}"
EndProject
Project("{FAE04EC0-301F-11D3-BF4B-00C04F79EFBC}") = "02-EventDotNet", "02-EventDotNet\02-EventDotNet.csproj", "{1BC9A18B-18EA-4F08-A5A0-BD6855D0045C}"
EndProject
Project("{FAE04EC0-301F-11D3-BF4B-00C04F79EFBC}") = "03-EventEventArgs", "03-EventEventArgs\03-EventEventArgs.csproj", "{B072F25F-1BAE-4A46-A054-643A1F43F676}"
EndProject
Project("{FAE04EC0-301F-11D3-BF4B-00C04F79EFBC}") = "04-PingPong", "04-PingPong\04-PingPong.csproj", "{4A780F6B-7FB4-4AAC-BAEE-9B2412D7489B}"
EndProject
Project("{FAE04EC0-301F-11D3-BF4B-00C04F79EFBC}") = "05-ArrayListEvents", "05-ArrayListEvents\05-ArrayListEvents.csproj", "{22721C4A-C7BB-4805-AA77-6E4F703311FE}"
EndProject
Global
	GlobalSection(SolutionConfigurationPlatforms) = preSolution
		Debug|Any CPU = Debug|Any CPU
		Release|Any CPU = Release|Any CPU
	EndGlobalSection
	GlobalSection(ProjectConfigurationPlatforms) = postSolution
		{E2BA6E45-4B36-4062-92F8-296FEBC525C7}.Debug|Any CPU.ActiveCfg = Debug|Any CPU
		{E2BA6E45-4B36-4062-92F8-296FEBC525C7}.Debug|Any CPU.Build.0 = Debug|Any CPU
		{E2BA6E45-4B36-4062-92F8-296FEBC525C7}.Release|Any CPU.ActiveCfg = Release|Any CPU
		{E2BA6E45-4B36-4062-92F8-296FEBC525C7}.Release|Any CPU.Build.0 = Release|Any CPU
		{1BC9A18B-18EA-4F08-A5A0-BD6855D0045C}.Debug|Any CPU.ActiveCfg = Debug|Any CPU
		{1BC9A18B-18EA-4F08-A5A0-BD6855D0045C}.Debug|Any CPU.Build.0 = Debug|Any CPU
		{1BC9A18B-18EA-4F08-A5A0-BD6855D0045C}.Release|Any CPU.ActiveCfg = Release|Any CPU
		{1BC9A18B-18EA-4F08-A5A0-BD6855D0045C}.Release|Any CPU.Build.0 = Release|Any CPU
		{B072F25F-1BAE-4A46-A054-643A1F43F676}.Debug|Any CPU.ActiveCfg = Debug|Any CPU
		{B072F25F-1BAE-4A46-A054-643A1F43F676}.Debug|Any CPU.Build.0 = Debug|Any CPU
		{B072F25F-1BAE-4A46-A054-643A1F43F676}.Release|Any CPU.ActiveCfg = Release|Any CPU
		{B072F25F-1BAE-4A46-A054-643A1F43F676}.Release|Any CPU.Build.0 = Release|Any CPU
		{4A780F6B-7FB4-4AAC-BAEE-9B2412D7489B}.Debug|Any CPU.ActiveCfg = Debug|Any CPU
		{4A780F6B-7FB4-4AAC-BAEE-9B2412D7489B}.Debug|Any CPU.Build.0 = Debug|Any CPU
		{4A780F6B-7FB4-4AAC-BAEE-9B2412D7489B}.Release|Any CPU.ActiveCfg = Release|Any CPU
		{4A780F6B-7FB4-4AAC-BAEE-9B2412D7489B}.Release|Any CPU.Build.0 = Release|Any CPU
		{22721C4A-C7BB-4805-AA77-6E4F703311FE}.Debug|Any CPU.ActiveCfg = Debug|Any CPU
		{22721C4A-C7BB-4805-AA77-6E4F703311FE}.Debug|Any CPU.Build.0 = Debug|Any CPU
		{22721C4A-C7BB-4805-AA77-6E4F703311FE}.Release|Any CPU.ActiveCfg = Release|Any CPU
		{22721C4A-C7BB-4805-AA77-6E4F703311FE}.Release|Any CPU.Build.0 = Release|Any CPU
	EndGlobalSection
	GlobalSection(SolutionProperties) = preSolution
		HideSolutionNode = FALSE
	EndGlobalSection
	GlobalSection(ExtensibilityGlobals) = postSolution
		SolutionGuid = {760BC4EA-DD25-40AF-905A-292FA0566D69}
	EndGlobalSection
EndGlobal
