
Microsoft Visual Studio Solution File, Format Version 12.00
# Visual Studio 15
VisualStudioVersion = 15.0.28010.2019
MinimumVisualStudioVersion = 10.0.40219.1
Project("{FAE04EC0-301F-11D3-BF4B-00C04F79EFBC}") = "Lesson 1. ADONETIntro", "Lesson 1. ADONETIntro\Lesson 1. ADONETIntro.csproj", "{89974500-F93D-4DB3-920E-16BF8DEA3B0E}"
EndProject
Project("{FAE04EC0-301F-11D3-BF4B-00C04F79EFBC}") = "WinFormsExample", "WinFormsExample\WinFormsExample.csproj", "{AF1DD8A2-4024-4578-B60D-FA6885C3D645}"
EndProject
Global
	GlobalSection(SolutionConfigurationPlatforms) = preSolution
		Debug|Any CPU = Debug|Any CPU
		Release|Any CPU = Release|Any CPU
	EndGlobalSection
	GlobalSection(ProjectConfigurationPlatforms) = postSolution
		{89974500-F93D-4DB3-920E-16BF8DEA3B0E}.Debug|Any CPU.ActiveCfg = Debug|Any CPU
		{89974500-F93D-4DB3-920E-16BF8DEA3B0E}.Debug|Any CPU.Build.0 = Debug|Any CPU
		{89974500-F93D-4DB3-920E-16BF8DEA3B0E}.Release|Any CPU.ActiveCfg = Release|Any CPU
		{89974500-F93D-4DB3-920E-16BF8DEA3B0E}.Release|Any CPU.Build.0 = Release|Any CPU
		{AF1DD8A2-4024-4578-B60D-FA6885C3D645}.Debug|Any CPU.ActiveCfg = Debug|Any CPU
		{AF1DD8A2-4024-4578-B60D-FA6885C3D645}.Debug|Any CPU.Build.0 = Debug|Any CPU
		{AF1DD8A2-4024-4578-B60D-FA6885C3D645}.Release|Any CPU.ActiveCfg = Release|Any CPU
		{AF1DD8A2-4024-4578-B60D-FA6885C3D645}.Release|Any CPU.Build.0 = Release|Any CPU
	EndGlobalSection
	GlobalSection(SolutionProperties) = preSolution
		HideSolutionNode = FALSE
	EndGlobalSection
	GlobalSection(ExtensibilityGlobals) = postSolution
		SolutionGuid = {9B40C571-B8F9-4462-B1C1-B8688DF65DE1}
	EndGlobalSection
EndGlobal
