
Microsoft Visual Studio Solution File, Format Version 12.00
# Visual Studio 15
VisualStudioVersion = 15.0.28307.168
MinimumVisualStudioVersion = 10.0.40219.1
Project("{FAE04EC0-301F-11D3-BF4B-00C04F79EFBC}") = "DZ 02.07.2019", "DZ 02.07.2019\DZ 02.07.2019.csproj", "{D66138C9-68F0-4EE0-BBBF-7B60741F3061}"
EndProject
Global
	GlobalSection(SolutionConfigurationPlatforms) = preSolution
		Debug|Any CPU = Debug|Any CPU
		Release|Any CPU = Release|Any CPU
	EndGlobalSection
	GlobalSection(ProjectConfigurationPlatforms) = postSolution
		{D66138C9-68F0-4EE0-BBBF-7B60741F3061}.Debug|Any CPU.ActiveCfg = Debug|Any CPU
		{D66138C9-68F0-4EE0-BBBF-7B60741F3061}.Debug|Any CPU.Build.0 = Debug|Any CPU
		{D66138C9-68F0-4EE0-BBBF-7B60741F3061}.Release|Any CPU.ActiveCfg = Release|Any CPU
		{D66138C9-68F0-4EE0-BBBF-7B60741F3061}.Release|Any CPU.Build.0 = Release|Any CPU
	EndGlobalSection
	GlobalSection(SolutionProperties) = preSolution
		HideSolutionNode = FALSE
	EndGlobalSection
	GlobalSection(ExtensibilityGlobals) = postSolution
		SolutionGuid = {50E67965-A66A-4F48-9C25-7A3C69143AAB}
	EndGlobalSection
EndGlobal
