
Microsoft Visual Studio Solution File, Format Version 12.00
# Visual Studio 15
VisualStudioVersion = 15.0.28010.2019
MinimumVisualStudioVersion = 10.0.40219.1
Project("{FAE04EC0-301F-11D3-BF4B-00C04F79EFBC}") = "30.05.2019", "30.05.2019\30.05.2019.csproj", "{6701D4A6-87B4-4B91-9A73-CE5893522B48}"
EndProject
Global
	GlobalSection(SolutionConfigurationPlatforms) = preSolution
		Debug|Any CPU = Debug|Any CPU
		Release|Any CPU = Release|Any CPU
	EndGlobalSection
	GlobalSection(ProjectConfigurationPlatforms) = postSolution
		{6701D4A6-87B4-4B91-9A73-CE5893522B48}.Debug|Any CPU.ActiveCfg = Debug|Any CPU
		{6701D4A6-87B4-4B91-9A73-CE5893522B48}.Debug|Any CPU.Build.0 = Debug|Any CPU
		{6701D4A6-87B4-4B91-9A73-CE5893522B48}.Release|Any CPU.ActiveCfg = Release|Any CPU
		{6701D4A6-87B4-4B91-9A73-CE5893522B48}.Release|Any CPU.Build.0 = Release|Any CPU
	EndGlobalSection
	GlobalSection(SolutionProperties) = preSolution
		HideSolutionNode = FALSE
	EndGlobalSection
	GlobalSection(ExtensibilityGlobals) = postSolution
		SolutionGuid = {7FC5A585-82D3-4208-920D-F425F3E46FB6}
	EndGlobalSection
EndGlobal
