
Microsoft Visual Studio Solution File, Format Version 12.00
# Visual Studio 15
VisualStudioVersion = 15.0.28307.168
MinimumVisualStudioVersion = 10.0.40219.1
Project("{FAE04EC0-301F-11D3-BF4B-00C04F79EFBC}") = "Minesweeper", "Minesweeper\Minesweeper.csproj", "{88E55BA4-3249-4D56-87B9-E2A62AB23EF9}"
EndProject
Global
	GlobalSection(SolutionConfigurationPlatforms) = preSolution
		Debug|Any CPU = Debug|Any CPU
		Release|Any CPU = Release|Any CPU
	EndGlobalSection
	GlobalSection(ProjectConfigurationPlatforms) = postSolution
		{88E55BA4-3249-4D56-87B9-E2A62AB23EF9}.Debug|Any CPU.ActiveCfg = Debug|Any CPU
		{88E55BA4-3249-4D56-87B9-E2A62AB23EF9}.Debug|Any CPU.Build.0 = Debug|Any CPU
		{88E55BA4-3249-4D56-87B9-E2A62AB23EF9}.Release|Any CPU.ActiveCfg = Release|Any CPU
		{88E55BA4-3249-4D56-87B9-E2A62AB23EF9}.Release|Any CPU.Build.0 = Release|Any CPU
	EndGlobalSection
	GlobalSection(SolutionProperties) = preSolution
		HideSolutionNode = FALSE
	EndGlobalSection
	GlobalSection(ExtensibilityGlobals) = postSolution
		SolutionGuid = {EF3905B7-5E77-4F1B-B236-498F583E2B70}
	EndGlobalSection
EndGlobal
