
Microsoft Visual Studio Solution File, Format Version 12.00
# Visual Studio 15
VisualStudioVersion = 15.0.28307.168
MinimumVisualStudioVersion = 10.0.40219.1
Project("{FAE04EC0-301F-11D3-BF4B-00C04F79EFBC}") = "IntroToADONET", "IntroToADONET\IntroToADONET.csproj", "{BD8941B9-CBFB-4DB3-B00F-B4B65C9A48F4}"
EndProject
Project("{FAE04EC0-301F-11D3-BF4B-00C04F79EFBC}") = "WinFormsExample", "WinFormsExample\WinFormsExample.csproj", "{B9967B35-D7D0-48CA-8251-15CB1F1B3300}"
EndProject
Global
	GlobalSection(SolutionConfigurationPlatforms) = preSolution
		Debug|Any CPU = Debug|Any CPU
		Release|Any CPU = Release|Any CPU
	EndGlobalSection
	GlobalSection(ProjectConfigurationPlatforms) = postSolution
		{BD8941B9-CBFB-4DB3-B00F-B4B65C9A48F4}.Debug|Any CPU.ActiveCfg = Debug|Any CPU
		{BD8941B9-CBFB-4DB3-B00F-B4B65C9A48F4}.Debug|Any CPU.Build.0 = Debug|Any CPU
		{BD8941B9-CBFB-4DB3-B00F-B4B65C9A48F4}.Release|Any CPU.ActiveCfg = Release|Any CPU
		{BD8941B9-CBFB-4DB3-B00F-B4B65C9A48F4}.Release|Any CPU.Build.0 = Release|Any CPU
		{B9967B35-D7D0-48CA-8251-15CB1F1B3300}.Debug|Any CPU.ActiveCfg = Debug|Any CPU
		{B9967B35-D7D0-48CA-8251-15CB1F1B3300}.Debug|Any CPU.Build.0 = Debug|Any CPU
		{B9967B35-D7D0-48CA-8251-15CB1F1B3300}.Release|Any CPU.ActiveCfg = Release|Any CPU
		{B9967B35-D7D0-48CA-8251-15CB1F1B3300}.Release|Any CPU.Build.0 = Release|Any CPU
	EndGlobalSection
	GlobalSection(SolutionProperties) = preSolution
		HideSolutionNode = FALSE
	EndGlobalSection
	GlobalSection(ExtensibilityGlobals) = postSolution
		SolutionGuid = {E7AF65E7-2E7A-4DDD-B708-52802CE9137C}
	EndGlobalSection
EndGlobal
