
Microsoft Visual Studio Solution File, Format Version 12.00
# Visual Studio 15
VisualStudioVersion = 15.0.28307.168
MinimumVisualStudioVersion = 10.0.40219.1
Project("{FAE04EC0-301F-11D3-BF4B-00C04F79EFBC}") = "First", "First\First.csproj", "{806C811F-1456-48DD-AE43-AFE4C3FA2364}"
EndProject
Project("{FAE04EC0-301F-11D3-BF4B-00C04F79EFBC}") = "Second", "Second\Second.csproj", "{28FB44F2-9133-4965-BCA4-AE317C27C7E1}"
EndProject
Project("{FAE04EC0-301F-11D3-BF4B-00C04F79EFBC}") = "Third Project", "Third Project\Third Project.csproj", "{82C65576-7B0D-4DBA-95DF-84E1514BCEB9}"
EndProject
Project("{FAE04EC0-301F-11D3-BF4B-00C04F79EFBC}") = "Fourth Project", "Fourth Project\Fourth Project.csproj", "{C3C5C2BD-DB4B-4F97-A5EE-F01D9E56DC07}"
EndProject
Project("{FAE04EC0-301F-11D3-BF4B-00C04F79EFBC}") = "Fiveth DataContext", "Fiveth DataContext\Fiveth DataContext.csproj", "{DFC8D850-41B2-4D72-973A-C221990C0893}"
EndProject
Global
	GlobalSection(SolutionConfigurationPlatforms) = preSolution
		Debug|Any CPU = Debug|Any CPU
		Release|Any CPU = Release|Any CPU
	EndGlobalSection
	GlobalSection(ProjectConfigurationPlatforms) = postSolution
		{806C811F-1456-48DD-AE43-AFE4C3FA2364}.Debug|Any CPU.ActiveCfg = Debug|Any CPU
		{806C811F-1456-48DD-AE43-AFE4C3FA2364}.Debug|Any CPU.Build.0 = Debug|Any CPU
		{806C811F-1456-48DD-AE43-AFE4C3FA2364}.Release|Any CPU.ActiveCfg = Release|Any CPU
		{806C811F-1456-48DD-AE43-AFE4C3FA2364}.Release|Any CPU.Build.0 = Release|Any CPU
		{28FB44F2-9133-4965-BCA4-AE317C27C7E1}.Debug|Any CPU.ActiveCfg = Debug|Any CPU
		{28FB44F2-9133-4965-BCA4-AE317C27C7E1}.Debug|Any CPU.Build.0 = Debug|Any CPU
		{28FB44F2-9133-4965-BCA4-AE317C27C7E1}.Release|Any CPU.ActiveCfg = Release|Any CPU
		{28FB44F2-9133-4965-BCA4-AE317C27C7E1}.Release|Any CPU.Build.0 = Release|Any CPU
		{82C65576-7B0D-4DBA-95DF-84E1514BCEB9}.Debug|Any CPU.ActiveCfg = Debug|Any CPU
		{82C65576-7B0D-4DBA-95DF-84E1514BCEB9}.Debug|Any CPU.Build.0 = Debug|Any CPU
		{82C65576-7B0D-4DBA-95DF-84E1514BCEB9}.Release|Any CPU.ActiveCfg = Release|Any CPU
		{82C65576-7B0D-4DBA-95DF-84E1514BCEB9}.Release|Any CPU.Build.0 = Release|Any CPU
		{C3C5C2BD-DB4B-4F97-A5EE-F01D9E56DC07}.Debug|Any CPU.ActiveCfg = Debug|Any CPU
		{C3C5C2BD-DB4B-4F97-A5EE-F01D9E56DC07}.Debug|Any CPU.Build.0 = Debug|Any CPU
		{C3C5C2BD-DB4B-4F97-A5EE-F01D9E56DC07}.Release|Any CPU.ActiveCfg = Release|Any CPU
		{C3C5C2BD-DB4B-4F97-A5EE-F01D9E56DC07}.Release|Any CPU.Build.0 = Release|Any CPU
		{DFC8D850-41B2-4D72-973A-C221990C0893}.Debug|Any CPU.ActiveCfg = Debug|Any CPU
		{DFC8D850-41B2-4D72-973A-C221990C0893}.Debug|Any CPU.Build.0 = Debug|Any CPU
		{DFC8D850-41B2-4D72-973A-C221990C0893}.Release|Any CPU.ActiveCfg = Release|Any CPU
		{DFC8D850-41B2-4D72-973A-C221990C0893}.Release|Any CPU.Build.0 = Release|Any CPU
	EndGlobalSection
	GlobalSection(SolutionProperties) = preSolution
		HideSolutionNode = FALSE
	EndGlobalSection
	GlobalSection(ExtensibilityGlobals) = postSolution
		SolutionGuid = {48A24778-5625-44CC-9F32-7F3767CBD8E7}
	EndGlobalSection
EndGlobal
